{
  "name": "jnavbar-react",
  "version": "0.1.0",
  "lockfileVersion": 3,
  "requires": true,
  "packages": {
    "": {
      "name": "jnavbar-react",
      "version": "0.1.0",
      "license": "UNLICENSED",
      "dependencies": {
        "react": "file:../../react-shared/node_modules/react",
        "react-dom": "file:../../react-shared/node_modules/react-dom",
        "react-router-dom": "file:../../react-shared/node_modules/react-router-dom"
      },
      "devDependencies": {
        "@types/react": "file:../../react-shared/node_modules/@types/react"
      }
    },
    "../../react-shared/node_modules/@types/react": {
      "version": "18.2.28",
      "dev": true,
      "license": "MIT",
      "dependencies": {
        "@types/prop-types": "*",
        "@types/scheduler": "*",
        "csstype": "^3.0.2"
      }
    },
    "../../react-shared/node_modules/react": {
      "version": "18.2.0",
      "license": "MIT",
      "dependencies": {
        "loose-envify": "^1.1.0"
      },
      "engines": {
        "node": ">=0.10.0"
      }
    },
    "../../react-shared/node_modules/react-dom": {
      "version": "18.2.0",
      "license": "MIT",
      "dependencies": {
        "loose-envify": "^1.1.0",
        "scheduler": "^0.23.0"
      },
      "peerDependencies": {
        "react": "^18.2.0"
      }
    },
    "../../react-shared/node_modules/react-router-dom": {
      "version": "6.15.0",
      "license": "MIT",
      "dependencies": {
        "@remix-run/router": "1.8.0",
        "react-router": "6.15.0"
      },
      "devDependencies": {
        "react": "^18.2.0",
        "react-dom": "^18.2.0"
      },
      "engines": {
        "node": ">=14.0.0"
      },
      "peerDependencies": {
        "react": ">=16.8",
        "react-dom": ">=16.8"
      }
    },
    "node_modules/@types/react": {
      "resolved": "../../react-shared/node_modules/@types/react",
      "link": true
    },
    "node_modules/react": {
      "resolved": "../../react-shared/node_modules/react",
      "link": true
    },
    "node_modules/react-dom": {
      "resolved": "../../react-shared/node_modules/react-dom",
      "link": true
    },
    "node_modules/react-router-dom": {
      "resolved": "../../react-shared/node_modules/react-router-dom",
      "link": true
    }
  }
}
