{
  "name": "jcourses",
  "version": "0.2.0",
  "lockfileVersion": 2,
  "requires": true,
  "packages": {
    "": {
      "name": "jcourses",
      "version": "0.2.0",
      "license": "UNLICENSED",
      "dependencies": {
        "jjoi": "file:../jjoi"
      }
    },
    "../jjoi": {
      "version": "0.2.0",
      "license": "UNLICENSED",
      "dependencies": {
        "joi": "^17.7.1"
      },
      "devDependencies": {
        "@types/node": "^17.0.41"
      }
    },
    "node_modules/jjoi": {
      "resolved": "../jjoi",
      "link": true
    }
  },
  "dependencies": {
    "jjoi": {
      "version": "file:../jjoi",
      "requires": {
        "@types/node": "^17.0.41",
        "joi": "^17.7.1"
      }
    }
  }
}
