{
  "name": "jobwarnings-shared",
  "version": "0.1.0",
  "lockfileVersion": 3,
  "requires": true,
  "packages": {
    "": {
      "name": "jobwarnings-shared",
      "version": "0.1.0",
      "license": "UNLICENSED",
      "dependencies": {
        "jexception": "file:../jexception",
        "jjoi": "file:../jjoi",
        "jutils": "file:../jutils",
        "uuid": "^9.0.1"
      },
      "devDependencies": {
        "@types/uuid": "^9.0.5"
      }
    },
    "../jdata": {
      "version": "0.1.0",
      "extraneous": true,
      "license": "UNLICENSED"
    },
    "../jexception": {
      "version": "0.2.0",
      "license": "UNLICENSED"
    },
    "../jjoi": {
      "version": "0.2.0",
      "license": "UNLICENSED",
      "dependencies": {
        "jdata": "file:../jdata",
        "joi": "^17.9.2"
      },
      "devDependencies": {
        "@types/node": "^20.8.6"
      }
    },
    "../jutils": {
      "version": "0.2.0",
      "license": "UNLICENSED",
      "dependencies": {
        "@types/node": "^20.7.0"
      }
    },
    "node_modules/@types/uuid": {
      "version": "9.0.5",
      "resolved": "https://registry.npmjs.org/@types/uuid/-/uuid-9.0.5.tgz",
      "integrity": "sha512-xfHdwa1FMJ082prjSJpoEI57GZITiQz10r3vEJCHa2khEFQjKy91aWKz6+zybzssCvXUwE1LQWgWVwZ4nYUvHQ==",
      "dev": true
    },
    "node_modules/jexception": {
      "resolved": "../jexception",
      "link": true
    },
    "node_modules/jjoi": {
      "resolved": "../jjoi",
      "link": true
    },
    "node_modules/jutils": {
      "resolved": "../jutils",
      "link": true
    },
    "node_modules/uuid": {
      "version": "9.0.1",
      "resolved": "https://registry.npmjs.org/uuid/-/uuid-9.0.1.tgz",
      "integrity": "sha512-b+1eJOlsR9K8HJpow9Ok3fiWOWSIcIzXodvv0rQjVoOVNpWMpxf1wZNpt4y9h10odCNrqnYp1OBzRktckBe3sA==",
      "funding": [
        "https://github.com/sponsors/broofa",
        "https://github.com/sponsors/ctavan"
      ],
      "bin": {
        "uuid": "dist/bin/uuid"
      }
    }
  }
}
