{
  "name": "jcourses-client",
  "version": "0.1.0",
  "lockfileVersion": 3,
  "requires": true,
  "packages": {
    "": {
      "name": "jcourses-client",
      "version": "0.1.0",
      "license": "UNLICENSED",
      "dependencies": {
        "i18next-browser-languagedetector": "^7.1.0",
        "j18next": "file:../j18next",
        "jcourses": "file:../jcourses",
        "jhttp-client": "file:../jhttp-client",
        "jnotifications": "file:../jnotifications",
        "juser-client": "file:../juser-client",
        "jutils": "file:../jutils",
        "react": "file:../../react-shared/node_modules/react",
        "react-dom": "file:../../react-shared/node_modules/react-dom"
      },
      "devDependencies": {
        "i18next": "^23.5.1",
        "jjoi": "file:../jjoi",
        "juser": "file:../juser"
      }
    },
    "../../react-shared/node_modules/react": {
      "version": "18.2.0",
      "license": "MIT",
      "dependencies": {
        "loose-envify": "^1.1.0"
      },
      "engines": {
        "node": ">=0.10.0"
      }
    },
    "../../react-shared/node_modules/react-dom": {
      "version": "18.2.0",
      "license": "MIT",
      "dependencies": {
        "loose-envify": "^1.1.0",
        "scheduler": "^0.23.0"
      },
      "peerDependencies": {
        "react": "^18.2.0"
      }
    },
    "../j18next": {
      "version": "0.1.0",
      "license": "UNLICENSED",
      "dependencies": {
        "i18next": "^23.4.5"
      }
    },
    "../jcourses": {
      "version": "0.2.0",
      "license": "UNLICENSED",
      "dependencies": {
        "jjoi": "file:../jjoi"
      }
    },
    "../jhttp-client": {
      "version": "0.1.0",
      "license": "UNLICENSED",
      "dependencies": {
        "axios": "^1.4.0"
      }
    },
    "../jjoi": {
      "version": "0.2.0",
      "dev": true,
      "license": "UNLICENSED",
      "dependencies": {
        "joi": "^17.9.2"
      },
      "devDependencies": {
        "@types/node": "^17.0.45"
      }
    },
    "../jnotifications": {
      "version": "0.1.0",
      "license": "UNLICENSED"
    },
    "../juser": {
      "version": "1.0.0",
      "dev": true,
      "license": "UNLICENSED",
      "dependencies": {
        "jjoi": "file:../jjoi"
      }
    },
    "../juser-client": {
      "version": "0.1.0",
      "license": "UNLICENSED",
      "dependencies": {
        "jhttp-client": "file:../jhttp-client",
        "juser": "file:../juser",
        "universal-cookie": "^6.1.0"
      }
    },
    "../jutils": {
      "version": "0.2.0",
      "license": "UNLICENSED"
    },
    "node_modules/@babel/runtime": {
      "version": "7.22.15",
      "resolved": "https://registry.npmjs.org/@babel/runtime/-/runtime-7.22.15.tgz",
      "integrity": "sha512-T0O+aa+4w0u06iNmapipJXMV4HoUir03hpx3/YqXXhu9xim3w+dVphjFWl1OH8NbZHw5Lbm9k45drDkgq2VNNA==",
      "dependencies": {
        "regenerator-runtime": "^0.14.0"
      },
      "engines": {
        "node": ">=6.9.0"
      }
    },
    "node_modules/i18next": {
      "version": "23.5.1",
      "resolved": "https://registry.npmjs.org/i18next/-/i18next-23.5.1.tgz",
      "integrity": "sha512-JelYzcaCoFDaa+Ysbfz2JsGAKkrHiMG6S61+HLBUEIPaF40WMwW9hCPymlQGrP+wWawKxKPuSuD71WZscCsWHg==",
      "dev": true,
      "funding": [
        {
          "type": "individual",
          "url": "https://locize.com"
        },
        {
          "type": "individual",
          "url": "https://locize.com/i18next.html"
        },
        {
          "type": "individual",
          "url": "https://www.i18next.com/how-to/faq#i18next-is-awesome.-how-can-i-support-the-project"
        }
      ],
      "dependencies": {
        "@babel/runtime": "^7.22.5"
      }
    },
    "node_modules/i18next-browser-languagedetector": {
      "version": "7.1.0",
      "resolved": "https://registry.npmjs.org/i18next-browser-languagedetector/-/i18next-browser-languagedetector-7.1.0.tgz",
      "integrity": "sha512-cr2k7u1XJJ4HTOjM9GyOMtbOA47RtUoWRAtt52z43r3AoMs2StYKyjS3URPhzHaf+mn10hY9dZWamga5WPQjhA==",
      "dependencies": {
        "@babel/runtime": "^7.19.4"
      }
    },
    "node_modules/j18next": {
      "resolved": "../j18next",
      "link": true
    },
    "node_modules/jcourses": {
      "resolved": "../jcourses",
      "link": true
    },
    "node_modules/jhttp-client": {
      "resolved": "../jhttp-client",
      "link": true
    },
    "node_modules/jjoi": {
      "resolved": "../jjoi",
      "link": true
    },
    "node_modules/jnotifications": {
      "resolved": "../jnotifications",
      "link": true
    },
    "node_modules/juser": {
      "resolved": "../juser",
      "link": true
    },
    "node_modules/juser-client": {
      "resolved": "../juser-client",
      "link": true
    },
    "node_modules/jutils": {
      "resolved": "../jutils",
      "link": true
    },
    "node_modules/react": {
      "resolved": "../../react-shared/node_modules/react",
      "link": true
    },
    "node_modules/react-dom": {
      "resolved": "../../react-shared/node_modules/react-dom",
      "link": true
    },
    "node_modules/regenerator-runtime": {
      "version": "0.14.0",
      "resolved": "https://registry.npmjs.org/regenerator-runtime/-/regenerator-runtime-0.14.0.tgz",
      "integrity": "sha512-srw17NI0TUWHuGa5CFGGmhfNIeja30WMBfbslPNhf6JrqQlLN5gcrvig1oqPxiVaXb0oW0XRKtH6Nngs5lKCIA=="
    }
  }
}
