{
  "name": "jrecaptcha",
  "version": "0.1.0",
  "lockfileVersion": 3,
  "requires": true,
  "packages": {
    "": {
      "name": "jrecaptcha",
      "version": "0.1.0",
      "license": "UNLICENSED",
      "dependencies": {
        "jexception": "file:../jexception",
        "jhttp-client": "file:../jhttp-client"
      }
    },
    "../jexception": {
      "version": "0.2.0",
      "license": "UNLICENSED"
    },
    "../jhttp-client": {
      "version": "0.1.0",
      "license": "UNLICENSED",
      "dependencies": {
        "axios": "^1.4.0",
        "jexception": "file:../jexception"
      }
    },
    "node_modules/jexception": {
      "resolved": "../jexception",
      "link": true
    },
    "node_modules/jhttp-client": {
      "resolved": "../jhttp-client",
      "link": true
    }
  }
}
