{
  "name": "jforms",
  "version": "0.1.0",
  "lockfileVersion": 3,
  "requires": true,
  "packages": {
    "": {
      "name": "jforms",
      "version": "0.1.0",
      "license": "UNLICENSED",
      "dependencies": {
        "react": "file:../../react-shared/node_modules/react"
      },
      "devDependencies": {
        "@types/react": "file:../../react-shared/node_modules/@types/react"
      }
    },
    "../../react-shared/node_modules/@types/react": {
      "version": "18.2.28",
      "dev": true,
      "license": "MIT",
      "dependencies": {
        "@types/prop-types": "*",
        "@types/scheduler": "*",
        "csstype": "^3.0.2"
      }
    },
    "../../react-shared/node_modules/react": {
      "version": "18.2.0",
      "license": "MIT",
      "dependencies": {
        "loose-envify": "^1.1.0"
      },
      "engines": {
        "node": ">=0.10.0"
      }
    },
    "node_modules/@types/react": {
      "resolved": "../../react-shared/node_modules/@types/react",
      "link": true
    },
    "node_modules/react": {
      "resolved": "../../react-shared/node_modules/react",
      "link": true
    }
  }
}
