{
  "name": "juser",
  "version": "1.0.0",
  "lockfileVersion": 2,
  "requires": true,
  "packages": {
    "": {
      "name": "juser",
      "version": "1.0.0",
      "license": "UNLICENSED",
      "dependencies": {
        "jexception": "file:../jexception",
        "jjoi": "file:../jjoi"
      }
    },
    "../jexception": {
      "version": "0.2.0",
      "license": "UNLICENSED"
    },
    "../jjoi": {
      "version": "0.2.0",
      "license": "UNLICENSED",
      "dependencies": {
        "joi": "^17.9.2"
      },
      "devDependencies": {
        "@types/node": "^17.0.45"
      }
    },
    "node_modules/jexception": {
      "resolved": "../jexception",
      "link": true
    },
    "node_modules/jjoi": {
      "resolved": "../jjoi",
      "link": true
    }
  },
  "dependencies": {
    "jexception": {
      "version": "file:../jexception"
    },
    "jjoi": {
      "version": "file:../jjoi",
      "requires": {
        "@types/node": "^17.0.45",
        "joi": "^17.9.2"
      }
    }
  }
}
